
Microsoft Visual Studio Solution File, Format Version 12.00
# Visual Studio Version 17
VisualStudioVersion = 17.4.33205.214
MinimumVisualStudioVersion = 10.0.40219.1
Project("{9A19103F-16F7-4668-BE54-9A1E7A4F7556}") = "Hack.io", "Hack.io\Hack.io.csproj", "{204F5172-099D-4AF9-BBAC-F77C31705146}"
EndProject
Project("{9A19103F-16F7-4668-BE54-9A1E7A4F7556}") = "Hack.io.YAZ0", "Hack.io.YAZ0\Hack.io.YAZ0.csproj", "{6E8E6F2A-C15F-43C4-B2C3-7C2C25D18680}"
EndProject
Project("{9A19103F-16F7-4668-BE54-9A1E7A4F7556}") = "Hack.io.YAY0", "Hack.io.YAY0\Hack.io.YAY0.csproj", "{EBBA3E59-96AB-4A9C-875E-6354BE74C614}"
EndProject
Project("{9A19103F-16F7-4668-BE54-9A1E7A4F7556}") = "Hack.io.U8", "Hack.io.U8\Hack.io.U8.csproj", "{DFACA924-CEA2-41C0-9B08-CC0AE2212F99}"
EndProject
Project("{9A19103F-16F7-4668-BE54-9A1E7A4F7556}") = "Hack.io.RARC", "Hack.io.RARC\Hack.io.RARC.csproj", "{52EBA0C9-37E8-477E-B13A-A743283C2B33}"
EndProject
Project("{9A19103F-16F7-4668-BE54-9A1E7A4F7556}") = "Hack.io.BCSV", "Hack.io.BCSV\Hack.io.BCSV.csproj", "{2DEFE6F1-2646-4B21-9A8B-79FA7DEADC38}"
EndProject
Project("{9A19103F-16F7-4668-BE54-9A1E7A4F7556}") = "Hack.io.CANM", "Hack.io.CANM\Hack.io.CANM.csproj", "{2232A228-DE44-42BF-8D05-34ACC38FAF55}"
EndProject
Project("{9A19103F-16F7-4668-BE54-9A1E7A4F7556}") = "Hack.io.J3D", "Hack.io.J3D\Hack.io.J3D.csproj", "{6FAC0E25-D24C-4ABE-B283-3C71226F1B01}"
EndProject
Project("{9A19103F-16F7-4668-BE54-9A1E7A4F7556}") = "Hack.io.BTK", "Hack.io.BTK\Hack.io.BTK.csproj", "{D84A2C0A-B7F0-4DA6-9608-ED388D84916F}"
EndProject
Project("{9A19103F-16F7-4668-BE54-9A1E7A4F7556}") = "Hack.io.BRK", "Hack.io.BRK\Hack.io.BRK.csproj", "{20E6E353-D8BC-4822-A063-6C592E6AAF12}"
EndProject
Project("{9A19103F-16F7-4668-BE54-9A1E7A4F7556}") = "Hack.io.BPK", "Hack.io.BPK\Hack.io.BPK.csproj", "{7B2EE482-31F4-429A-BC43-E6478214489F}"
EndProject
Project("{9A19103F-16F7-4668-BE54-9A1E7A4F7556}") = "Hack.io.BCK", "Hack.io.BCK\Hack.io.BCK.csproj", "{0D1D8831-B981-4E2E-9F1C-BDC8CF381EB5}"
EndProject
Project("{9A19103F-16F7-4668-BE54-9A1E7A4F7556}") = "Hack.io.BTP", "Hack.io.BTP\Hack.io.BTP.csproj", "{AFD758A8-4424-48A1-8BCE-4DA12E53A30D}"
EndProject
Project("{9A19103F-16F7-4668-BE54-9A1E7A4F7556}") = "Hack.io.BVA", "Hack.io.BVA\Hack.io.BVA.csproj", "{18848A2E-60D8-4D14-B9FA-6E96C337B135}"
EndProject
Project("{9A19103F-16F7-4668-BE54-9A1E7A4F7556}") = "Hack.io.BAS", "Hack.io.BAS\Hack.io.BAS.csproj", "{4994129E-4CE5-4419-BA17-239E2C3AA072}"
EndProject
Project("{9A19103F-16F7-4668-BE54-9A1E7A4F7556}") = "Hack.io.MSBT", "Hack.io.MSBT\Hack.io.MSBT.csproj", "{86B9F236-9DEE-46E2-9033-9564976CE58D}"
EndProject
Project("{9A19103F-16F7-4668-BE54-9A1E7A4F7556}") = "Hack.io.MSBF", "Hack.io.MSBF\Hack.io.MSBF.csproj", "{11EC5F55-C192-43C4-8792-76E5C99C5221}"
EndProject
Project("{9A19103F-16F7-4668-BE54-9A1E7A4F7556}") = "Hack.io.GX", "Hack.io.GX\Hack.io.GX.csproj", "{A01A5FBB-55CC-4DE2-87A0-16CECB56B16B}"
EndProject
Project("{9A19103F-16F7-4668-BE54-9A1E7A4F7556}") = "Hack.io.BTI", "Hack.io.BTI\Hack.io.BTI.csproj", "{7CD177B1-957E-4E32-B5FF-E9C005FE3B06}"
EndProject
Project("{9A19103F-16F7-4668-BE54-9A1E7A4F7556}") = "Hack.io.TPL", "Hack.io.TPL\Hack.io.TPL.csproj", "{152B199B-D3E2-478B-9C00-27DF992D8905}"
EndProject
Project("{FAE04EC0-301F-11D3-BF4B-00C04F79EFBC}") = "Hack.io.CIT", "Hack.io.CIT\Hack.io.CIT.csproj", "{5DBCA2CD-8A0B-456F-8C2A-3D73C0340006}"
EndProject
Global
	GlobalSection(SolutionConfigurationPlatforms) = preSolution
		Debug|Any CPU = Debug|Any CPU
		Release|Any CPU = Release|Any CPU
	EndGlobalSection
	GlobalSection(ProjectConfigurationPlatforms) = postSolution
		{204F5172-099D-4AF9-BBAC-F77C31705146}.Debug|Any CPU.ActiveCfg = Debug|Any CPU
		{204F5172-099D-4AF9-BBAC-F77C31705146}.Debug|Any CPU.Build.0 = Debug|Any CPU
		{204F5172-099D-4AF9-BBAC-F77C31705146}.Release|Any CPU.ActiveCfg = Release|Any CPU
		{204F5172-099D-4AF9-BBAC-F77C31705146}.Release|Any CPU.Build.0 = Release|Any CPU
		{6E8E6F2A-C15F-43C4-B2C3-7C2C25D18680}.Debug|Any CPU.ActiveCfg = Debug|Any CPU
		{6E8E6F2A-C15F-43C4-B2C3-7C2C25D18680}.Debug|Any CPU.Build.0 = Debug|Any CPU
		{6E8E6F2A-C15F-43C4-B2C3-7C2C25D18680}.Release|Any CPU.ActiveCfg = Release|Any CPU
		{6E8E6F2A-C15F-43C4-B2C3-7C2C25D18680}.Release|Any CPU.Build.0 = Release|Any CPU
		{EBBA3E59-96AB-4A9C-875E-6354BE74C614}.Debug|Any CPU.ActiveCfg = Debug|Any CPU
		{EBBA3E59-96AB-4A9C-875E-6354BE74C614}.Debug|Any CPU.Build.0 = Debug|Any CPU
		{EBBA3E59-96AB-4A9C-875E-6354BE74C614}.Release|Any CPU.ActiveCfg = Release|Any CPU
		{EBBA3E59-96AB-4A9C-875E-6354BE74C614}.Release|Any CPU.Build.0 = Release|Any CPU
		{DFACA924-CEA2-41C0-9B08-CC0AE2212F99}.Debug|Any CPU.ActiveCfg = Debug|Any CPU
		{DFACA924-CEA2-41C0-9B08-CC0AE2212F99}.Debug|Any CPU.Build.0 = Debug|Any CPU
		{DFACA924-CEA2-41C0-9B08-CC0AE2212F99}.Release|Any CPU.ActiveCfg = Release|Any CPU
		{DFACA924-CEA2-41C0-9B08-CC0AE2212F99}.Release|Any CPU.Build.0 = Release|Any CPU
		{52EBA0C9-37E8-477E-B13A-A743283C2B33}.Debug|Any CPU.ActiveCfg = Debug|Any CPU
		{52EBA0C9-37E8-477E-B13A-A743283C2B33}.Debug|Any CPU.Build.0 = Debug|Any CPU
		{52EBA0C9-37E8-477E-B13A-A743283C2B33}.Release|Any CPU.ActiveCfg = Release|Any CPU
		{52EBA0C9-37E8-477E-B13A-A743283C2B33}.Release|Any CPU.Build.0 = Release|Any CPU
		{2DEFE6F1-2646-4B21-9A8B-79FA7DEADC38}.Debug|Any CPU.ActiveCfg = Debug|Any CPU
		{2DEFE6F1-2646-4B21-9A8B-79FA7DEADC38}.Debug|Any CPU.Build.0 = Debug|Any CPU
		{2DEFE6F1-2646-4B21-9A8B-79FA7DEADC38}.Release|Any CPU.ActiveCfg = Release|Any CPU
		{2DEFE6F1-2646-4B21-9A8B-79FA7DEADC38}.Release|Any CPU.Build.0 = Release|Any CPU
		{2232A228-DE44-42BF-8D05-34ACC38FAF55}.Debug|Any CPU.ActiveCfg = Debug|Any CPU
		{2232A228-DE44-42BF-8D05-34ACC38FAF55}.Debug|Any CPU.Build.0 = Debug|Any CPU
		{2232A228-DE44-42BF-8D05-34ACC38FAF55}.Release|Any CPU.ActiveCfg = Release|Any CPU
		{2232A228-DE44-42BF-8D05-34ACC38FAF55}.Release|Any CPU.Build.0 = Release|Any CPU
		{6FAC0E25-D24C-4ABE-B283-3C71226F1B01}.Debug|Any CPU.ActiveCfg = Debug|Any CPU
		{6FAC0E25-D24C-4ABE-B283-3C71226F1B01}.Debug|Any CPU.Build.0 = Debug|Any CPU
		{6FAC0E25-D24C-4ABE-B283-3C71226F1B01}.Release|Any CPU.ActiveCfg = Release|Any CPU
		{6FAC0E25-D24C-4ABE-B283-3C71226F1B01}.Release|Any CPU.Build.0 = Release|Any CPU
		{D84A2C0A-B7F0-4DA6-9608-ED388D84916F}.Debug|Any CPU.ActiveCfg = Debug|Any CPU
		{D84A2C0A-B7F0-4DA6-9608-ED388D84916F}.Debug|Any CPU.Build.0 = Debug|Any CPU
		{D84A2C0A-B7F0-4DA6-9608-ED388D84916F}.Release|Any CPU.ActiveCfg = Release|Any CPU
		{D84A2C0A-B7F0-4DA6-9608-ED388D84916F}.Release|Any CPU.Build.0 = Release|Any CPU
		{20E6E353-D8BC-4822-A063-6C592E6AAF12}.Debug|Any CPU.ActiveCfg = Debug|Any CPU
		{20E6E353-D8BC-4822-A063-6C592E6AAF12}.Debug|Any CPU.Build.0 = Debug|Any CPU
		{20E6E353-D8BC-4822-A063-6C592E6AAF12}.Release|Any CPU.ActiveCfg = Release|Any CPU
		{20E6E353-D8BC-4822-A063-6C592E6AAF12}.Release|Any CPU.Build.0 = Release|Any CPU
		{7B2EE482-31F4-429A-BC43-E6478214489F}.Debug|Any CPU.ActiveCfg = Debug|Any CPU
		{7B2EE482-31F4-429A-BC43-E6478214489F}.Debug|Any CPU.Build.0 = Debug|Any CPU
		{7B2EE482-31F4-429A-BC43-E6478214489F}.Release|Any CPU.ActiveCfg = Release|Any CPU
		{7B2EE482-31F4-429A-BC43-E6478214489F}.Release|Any CPU.Build.0 = Release|Any CPU
		{0D1D8831-B981-4E2E-9F1C-BDC8CF381EB5}.Debug|Any CPU.ActiveCfg = Debug|Any CPU
		{0D1D8831-B981-4E2E-9F1C-BDC8CF381EB5}.Debug|Any CPU.Build.0 = Debug|Any CPU
		{0D1D8831-B981-4E2E-9F1C-BDC8CF381EB5}.Release|Any CPU.ActiveCfg = Release|Any CPU
		{0D1D8831-B981-4E2E-9F1C-BDC8CF381EB5}.Release|Any CPU.Build.0 = Release|Any CPU
		{AFD758A8-4424-48A1-8BCE-4DA12E53A30D}.Debug|Any CPU.ActiveCfg = Debug|Any CPU
		{AFD758A8-4424-48A1-8BCE-4DA12E53A30D}.Debug|Any CPU.Build.0 = Debug|Any CPU
		{AFD758A8-4424-48A1-8BCE-4DA12E53A30D}.Release|Any CPU.ActiveCfg = Release|Any CPU
		{AFD758A8-4424-48A1-8BCE-4DA12E53A30D}.Release|Any CPU.Build.0 = Release|Any CPU
		{18848A2E-60D8-4D14-B9FA-6E96C337B135}.Debug|Any CPU.ActiveCfg = Debug|Any CPU
		{18848A2E-60D8-4D14-B9FA-6E96C337B135}.Debug|Any CPU.Build.0 = Debug|Any CPU
		{18848A2E-60D8-4D14-B9FA-6E96C337B135}.Release|Any CPU.ActiveCfg = Release|Any CPU
		{18848A2E-60D8-4D14-B9FA-6E96C337B135}.Release|Any CPU.Build.0 = Release|Any CPU
		{4994129E-4CE5-4419-BA17-239E2C3AA072}.Debug|Any CPU.ActiveCfg = Debug|Any CPU
		{4994129E-4CE5-4419-BA17-239E2C3AA072}.Debug|Any CPU.Build.0 = Debug|Any CPU
		{4994129E-4CE5-4419-BA17-239E2C3AA072}.Release|Any CPU.ActiveCfg = Release|Any CPU
		{4994129E-4CE5-4419-BA17-239E2C3AA072}.Release|Any CPU.Build.0 = Release|Any CPU
		{86B9F236-9DEE-46E2-9033-9564976CE58D}.Debug|Any CPU.ActiveCfg = Debug|Any CPU
		{86B9F236-9DEE-46E2-9033-9564976CE58D}.Debug|Any CPU.Build.0 = Debug|Any CPU
		{86B9F236-9DEE-46E2-9033-9564976CE58D}.Release|Any CPU.ActiveCfg = Release|Any CPU
		{86B9F236-9DEE-46E2-9033-9564976CE58D}.Release|Any CPU.Build.0 = Release|Any CPU
		{11EC5F55-C192-43C4-8792-76E5C99C5221}.Debug|Any CPU.ActiveCfg = Debug|Any CPU
		{11EC5F55-C192-43C4-8792-76E5C99C5221}.Debug|Any CPU.Build.0 = Debug|Any CPU
		{11EC5F55-C192-43C4-8792-76E5C99C5221}.Release|Any CPU.ActiveCfg = Release|Any CPU
		{11EC5F55-C192-43C4-8792-76E5C99C5221}.Release|Any CPU.Build.0 = Release|Any CPU
		{A01A5FBB-55CC-4DE2-87A0-16CECB56B16B}.Debug|Any CPU.ActiveCfg = Debug|Any CPU
		{A01A5FBB-55CC-4DE2-87A0-16CECB56B16B}.Debug|Any CPU.Build.0 = Debug|Any CPU
		{A01A5FBB-55CC-4DE2-87A0-16CECB56B16B}.Release|Any CPU.ActiveCfg = Release|Any CPU
		{A01A5FBB-55CC-4DE2-87A0-16CECB56B16B}.Release|Any CPU.Build.0 = Release|Any CPU
		{7CD177B1-957E-4E32-B5FF-E9C005FE3B06}.Debug|Any CPU.ActiveCfg = Debug|Any CPU
		{7CD177B1-957E-4E32-B5FF-E9C005FE3B06}.Debug|Any CPU.Build.0 = Debug|Any CPU
		{7CD177B1-957E-4E32-B5FF-E9C005FE3B06}.Release|Any CPU.ActiveCfg = Release|Any CPU
		{7CD177B1-957E-4E32-B5FF-E9C005FE3B06}.Release|Any CPU.Build.0 = Release|Any CPU
		{152B199B-D3E2-478B-9C00-27DF992D8905}.Debug|Any CPU.ActiveCfg = Debug|Any CPU
		{152B199B-D3E2-478B-9C00-27DF992D8905}.Debug|Any CPU.Build.0 = Debug|Any CPU
		{152B199B-D3E2-478B-9C00-27DF992D8905}.Release|Any CPU.ActiveCfg = Release|Any CPU
		{152B199B-D3E2-478B-9C00-27DF992D8905}.Release|Any CPU.Build.0 = Release|Any CPU
		{31E6BBF1-4963-4998-B9B5-8B0C1EA7DD07}.Debug|Any CPU.ActiveCfg = Debug|Any CPU
		{31E6BBF1-4963-4998-B9B5-8B0C1EA7DD07}.Debug|Any CPU.Build.0 = Debug|Any CPU
		{31E6BBF1-4963-4998-B9B5-8B0C1EA7DD07}.Release|Any CPU.ActiveCfg = Release|Any CPU
		{31E6BBF1-4963-4998-B9B5-8B0C1EA7DD07}.Release|Any CPU.Build.0 = Release|Any CPU
		{5DBCA2CD-8A0B-456F-8C2A-3D73C0340006}.Debug|Any CPU.ActiveCfg = Debug|Any CPU
		{5DBCA2CD-8A0B-456F-8C2A-3D73C0340006}.Debug|Any CPU.Build.0 = Debug|Any CPU
		{5DBCA2CD-8A0B-456F-8C2A-3D73C0340006}.Release|Any CPU.ActiveCfg = Release|Any CPU
		{5DBCA2CD-8A0B-456F-8C2A-3D73C0340006}.Release|Any CPU.Build.0 = Release|Any CPU
	EndGlobalSection
	GlobalSection(SolutionProperties) = preSolution
		HideSolutionNode = FALSE
	EndGlobalSection
	GlobalSection(ExtensibilityGlobals) = postSolution
		SolutionGuid = {646270E2-4B9A-409F-A786-D888F5EDAA7F}
	EndGlobalSection
EndGlobal
